{"filter":false,"title":"package-lock.json","tooltip":"/infovis_ca/app/package-lock.json","undoManager":{"mark":-1,"position":-1,"stack":[]},"ace":{"folds":[],"scrolltop":1622,"scrollleft":0,"selection":{"start":{"row":115,"column":14},"end":{"row":115,"column":14},"isBackwards":false},"options":{"guessTabSize":true,"useWrapMode":false,"wrapToView":true},"firstLineState":{"row":100,"state":"start","mode":"ace/mode/json"}},"timestamp":1524657935384,"hash":"7f9b312e9f825d00afb2b5540b4bb8919d5cea6a"}